// !$*UTF8*$!
{
	archiveVersion = 1;
	classes = {
	};
	objectVersion = 56;
	objects = {

/* Begin PBXBuildFile section */
		0041712D29D1D5C500E93B4A /* AppDelegate.swift in Sources */ = {isa = PBXBuildFile; fileRef = 0041712C29D1D5C500E93B4A /* AppDelegate.swift */; };
		0041712F29D1D5C500E93B4A /* SceneDelegate.swift in Sources */ = {isa = PBXBuildFile; fileRef = 0041712E29D1D5C500E93B4A /* SceneDelegate.swift */; };
		0041713129D1D5C500E93B4A /* ViewController.swift in Sources */ = {isa = PBXBuildFile; fileRef = 0041713029D1D5C500E93B4A /* ViewController.swift */; };
		0041713429D1D5C500E93B4A /* Main.storyboard in Resources */ = {isa = PBXBuildFile; fileRef = 0041713229D1D5C500E93B4A /* Main.storyboard */; };
		0041713629D1D5C700E93B4A /* Assets.xcassets in Resources */ = {isa = PBXBuildFile; fileRef = 0041713529D1D5C700E93B4A /* Assets.xcassets */; };
		0041713929D1D5C700E93B4A /* LaunchScreen.storyboard in Resources */ = {isa = PBXBuildFile; fileRef = 0041713729D1D5C700E93B4A /* LaunchScreen.storyboard */; };
		0041714729D2EF6E00E93B4A /* DetailsNews.swift in Sources */ = {isa = PBXBuildFile; fileRef = 0041714629D2EF6E00E93B4A /* DetailsNews.swift */; };
		0041714929D5D26400E93B4A /* Model.swift in Sources */ = {isa = PBXBuildFile; fileRef = 0041714829D5D26400E93B4A /* Model.swift */; };
		0041714D29D5D37A00E93B4A /* ApiManager.swift in Sources */ = {isa = PBXBuildFile; fileRef = 0041714C29D5D37A00E93B4A /* ApiManager.swift */; };
		0041714F29D5D6FC00E93B4A /* NewsViewCell.swift in Sources */ = {isa = PBXBuildFile; fileRef = 0041714E29D5D6FC00E93B4A /* NewsViewCell.swift */; };
		0FEF350E187F9DC568C852C6 /* Pods_NewsAppM4.framework in Frameworks */ = {isa = PBXBuildFile; fileRef = 1C9ED9C0062A9D2092C42B36 /* Pods_NewsAppM4.framework */; };
/* End PBXBuildFile section */

/* Begin PBXFileReference section */
		0041712929D1D5C500E93B4A /* NewsAppM4.app */ = {isa = PBXFileReference; explicitFileType = wrapper.application; includeInIndex = 0; path = NewsAppM4.app; sourceTree = BUILT_PRODUCTS_DIR; };
		0041712C29D1D5C500E93B4A /* AppDelegate.swift */ = {isa = PBXFileReference; lastKnownFileType = sourcecode.swift; path = AppDelegate.swift; sourceTree = "<group>"; };
		0041712E29D1D5C500E93B4A /* SceneDelegate.swift */ = {isa = PBXFileReference; lastKnownFileType = sourcecode.swift; path = SceneDelegate.swift; sourceTree = "<group>"; };
		0041713029D1D5C500E93B4A /* ViewController.swift */ = {isa = PBXFileReference; lastKnownFileType = sourcecode.swift; path = ViewController.swift; sourceTree = "<group>"; };
		0041713329D1D5C500E93B4A /* Base */ = {isa = PBXFileReference; lastKnownFileType = file.storyboard; name = Base; path = Base.lproj/Main.storyboard; sourceTree = "<group>"; };
		0041713529D1D5C700E93B4A /* Assets.xcassets */ = {isa = PBXFileReference; lastKnownFileType = folder.assetcatalog; path = Assets.xcassets; sourceTree = "<group>"; };
		0041713829D1D5C700E93B4A /* Base */ = {isa = PBXFileReference; lastKnownFileType = file.storyboard; name = Base; path = Base.lproj/LaunchScreen.storyboard; sourceTree = "<group>"; };
		0041713A29D1D5C700E93B4A /* Info.plist */ = {isa = PBXFileReference; lastKnownFileType = text.plist.xml; path = Info.plist; sourceTree = "<group>"; };
		0041714629D2EF6E00E93B4A /* DetailsNews.swift */ = {isa = PBXFileReference; lastKnownFileType = sourcecode.swift; path = DetailsNews.swift; sourceTree = "<group>"; };
		0041714829D5D26400E93B4A /* Model.swift */ = {isa = PBXFileReference; lastKnownFileType = sourcecode.swift; path = Model.swift; sourceTree = "<group>"; };
		0041714C29D5D37A00E93B4A /* ApiManager.swift */ = {isa = PBXFileReference; lastKnownFileType = sourcecode.swift; path = ApiManager.swift; sourceTree = "<group>"; };
		0041714E29D5D6FC00E93B4A /* NewsViewCell.swift */ = {isa = PBXFileReference; lastKnownFileType = sourcecode.swift; path = NewsViewCell.swift; sourceTree = "<group>"; };
		1C9ED9C0062A9D2092C42B36 /* Pods_NewsAppM4.framework */ = {isa = PBXFileReference; explicitFileType = wrapper.framework; includeInIndex = 0; path = Pods_NewsAppM4.framework; sourceTree = BUILT_PRODUCTS_DIR; };
		8CEFAD5724D6C17CA29255AC /* Pods-NewsAppM4.release.xcconfig */ = {isa = PBXFileReference; includeInIndex = 1; lastKnownFileType = text.xcconfig; name = "Pods-NewsAppM4.release.xcconfig"; path = "Target Support Files/Pods-NewsAppM4/Pods-NewsAppM4.release.xcconfig"; sourceTree = "<group>"; };
		C2BB4F734E5166E93606FAA7 /* Pods-NewsAppM4.debug.xcconfig */ = {isa = PBXFileReference; includeInIndex = 1; lastKnownFileType = text.xcconfig; name = "Pods-NewsAppM4.debug.xcconfig"; path = "Target Support Files/Pods-NewsAppM4/Pods-NewsAppM4.debug.xcconfig"; sourceTree = "<group>"; };
/* End PBXFileReference section */

/* Begin PBXFrameworksBuildPhase section */
		0041712629D1D5C500E93B4A /* Frameworks */ = {
			isa = PBXFrameworksBuildPhase;
			buildActionMask = 2147483647;
			files = (
				0FEF350E187F9DC568C852C6 /* Pods_NewsAppM4.framework in Frameworks */,
			);
			runOnlyForDeploymentPostprocessing = 0;
		};
/* End PBXFrameworksBuildPhase section */

/* Begin PBXGroup section */
		0041712029D1D5C500E93B4A = {
			isa = PBXGroup;
			children = (
				0041712B29D1D5C500E93B4A /* NewsAppM4 */,
				0041712A29D1D5C500E93B4A /* Products */,
				E1A8615761A596D2BC7D5741 /* Pods */,
				6BE17A370BD92D543C3A8325 /* Frameworks */,
			);
			sourceTree = "<group>";
		};
		0041712A29D1D5C500E93B4A /* Products */ = {
			isa = PBXGroup;
			children = (
				0041712929D1D5C500E93B4A /* NewsAppM4.app */,
			);
			name = Products;
			sourceTree = "<group>";
		};
		0041712B29D1D5C500E93B4A /* NewsAppM4 */ = {
			isa = PBXGroup;
			children = (
				0041712C29D1D5C500E93B4A /* AppDelegate.swift */,
				0041712E29D1D5C500E93B4A /* SceneDelegate.swift */,
				0041713029D1D5C500E93B4A /* ViewController.swift */,
				0041714E29D5D6FC00E93B4A /* NewsViewCell.swift */,
				0041714629D2EF6E00E93B4A /* DetailsNews.swift */,
				0041714829D5D26400E93B4A /* Model.swift */,
				0041714C29D5D37A00E93B4A /* ApiManager.swift */,
				0041713229D1D5C500E93B4A /* Main.storyboard */,
				0041713529D1D5C700E93B4A /* Assets.xcassets */,
				0041713729D1D5C700E93B4A /* LaunchScreen.storyboard */,
				0041713A29D1D5C700E93B4A /* Info.plist */,
			);
			path = NewsAppM4;
			sourceTree = "<group>";
		};
		6BE17A370BD92D543C3A8325 /* Frameworks */ = {
			isa = PBXGroup;
			children = (
				1C9ED9C0062A9D2092C42B36 /* Pods_NewsAppM4.framework */,
			);
			name = Frameworks;
			sourceTree = "<group>";
		};
		E1A8615761A596D2BC7D5741 /* Pods */ = {
			isa = PBXGroup;
			children = (
				C2BB4F734E5166E93606FAA7 /* Pods-NewsAppM4.debug.xcconfig */,
				8CEFAD5724D6C17CA29255AC /* Pods-NewsAppM4.release.xcconfig */,
			);
			path = Pods;
			sourceTree = "<group>";
		};
/* End PBXGroup section */

/* Begin PBXNativeTarget section */
		0041712829D1D5C500E93B4A /* NewsAppM4 */ = {
			isa = PBXNativeTarget;
			buildConfigurationList = 0041713D29D1D5C700E93B4A /* Build configuration list for PBXNativeTarget "NewsAppM4" */;
			buildPhases = (
				F7932B95EF7A123E8039B4C2 /* [CP] Check Pods Manifest.lock */,
				0041712529D1D5C500E93B4A /* Sources */,
				0041712629D1D5C500E93B4A /* Frameworks */,
				0041712729D1D5C500E93B4A /* Resources */,
				CA7DB3CE613B6E09040F925E /* [CP] Embed Pods Frameworks */,
			);
			buildRules = (
			);
			dependencies = (
			);
			name = NewsAppM4;
			productName = NewsAppM4;
			productReference = 0041712929D1D5C500E93B4A /* NewsAppM4.app */;
			productType = "com.apple.product-type.application";
		};
/* End PBXNativeTarget section */

/* Begin PBXProject section */
		0041712129D1D5C500E93B4A /* Project object */ = {
			isa = PBXProject;
			attributes = {
				BuildIndependentTargetsInParallel = 1;
				LastSwiftUpdateCheck = 1420;
				LastUpgradeCheck = 1420;
				TargetAttributes = {
					0041712829D1D5C500E93B4A = {
						CreatedOnToolsVersion = 14.2;
					};
				};
			};
			buildConfigurationList = 0041712429D1D5C500E93B4A /* Build configuration list for PBXProject "NewsAppM4" */;
			compatibilityVersion = "Xcode 14.0";
			developmentRegion = en;
			hasScannedForEncodings = 0;
			knownRegions = (
				en,
				Base,
			);
			mainGroup = 0041712029D1D5C500E93B4A;
			productRefGroup = 0041712A29D1D5C500E93B4A /* Products */;
			projectDirPath = "";
			projectRoot = "";
			targets = (
				0041712829D1D5C500E93B4A /* NewsAppM4 */,
			);
		};
/* End PBXProject section */

/* Begin PBXResourcesBuildPhase section */
		0041712729D1D5C500E93B4A /* Resources */ = {
			isa = PBXResourcesBuildPhase;
			buildActionMask = 2147483647;
			files = (
				0041713929D1D5C700E93B4A /* LaunchScreen.storyboard in Resources */,
				0041713629D1D5C700E93B4A /* Assets.xcassets in Resources */,
				0041713429D1D5C500E93B4A /* Main.storyboard in Resources */,
			);
			runOnlyForDeploymentPostprocessing = 0;
		};
/* End PBXResourcesBuildPhase section */

/* Begin PBXShellScriptBuildPhase section */
		CA7DB3CE613B6E09040F925E /* [CP] Embed Pods Frameworks */ = {
			isa = PBXShellScriptBuildPhase;
			buildActionMask = 2147483647;
			files = (
			);
			inputFileListPaths = (
				"${PODS_ROOT}/Target Support Files/Pods-NewsAppM4/Pods-NewsAppM4-frameworks-${CONFIGURATION}-input-files.xcfilelist",
			);
			name = "[CP] Embed Pods Frameworks";
			outputFileListPaths = (
				"${PODS_ROOT}/Target Support Files/Pods-NewsAppM4/Pods-NewsAppM4-frameworks-${CONFIGURATION}-output-files.xcfilelist",
			);
			runOnlyForDeploymentPostprocessing = 0;
			shellPath = /bin/sh;
			shellScript = "\"${PODS_ROOT}/Target Support Files/Pods-NewsAppM4/Pods-NewsAppM4-frameworks.sh\"\n";
			showEnvVarsInLog = 0;
		};
		F7932B95EF7A123E8039B4C2 /* [CP] Check Pods Manifest.lock */ = {
			isa = PBXShellScriptBuildPhase;
			buildActionMask = 2147483647;
			files = (
			);
			inputFileListPaths = (
			);
			inputPaths = (
				"${PODS_PODFILE_DIR_PATH}/Podfile.lock",
				"${PODS_ROOT}/Manifest.lock",
			);
			name = "[CP] Check Pods Manifest.lock";
			outputFileListPaths = (
			);
			outputPaths = (
				"$(DERIVED_FILE_DIR)/Pods-NewsAppM4-checkManifestLockResult.txt",
			);
			runOnlyForDeploymentPostprocessing = 0;
			shellPath = /bin/sh;
			shellScript = "diff \"${PODS_PODFILE_DIR_PATH}/Podfile.lock\" \"${PODS_ROOT}/Manifest.lock\" > /dev/null\nif [ $? != 0 ] ; then\n    # print error to STDERR\n    echo \"error: The sandbox is not in sync with the Podfile.lock. Run 'pod install' or update your CocoaPods installation.\" >&2\n    exit 1\nfi\n# This output is used by Xcode 'outputs' to avoid re-running this script phase.\necho \"SUCCESS\" > \"${SCRIPT_OUTPUT_FILE_0}\"\n";
			showEnvVarsInLog = 0;
		};
/* End PBXShellScriptBuildPhase section */

/* Begin PBXSourcesBuildPhase section */
		0041712529D1D5C500E93B4A /* Sources */ = {
			isa = PBXSourcesBuildPhase;
			buildActionMask = 2147483647;
			files = (
				0041713129D1D5C500E93B4A /* ViewController.swift in Sources */,
				0041712D29D1D5C500E93B4A /* AppDelegate.swift in Sources */,
				0041714729D2EF6E00E93B4A /* DetailsNews.swift in Sources */,
				0041714D29D5D37A00E93B4A /* ApiManager.swift in Sources */,
				0041714929D5D26400E93B4A /* Model.swift in Sources */,
				0041714F29D5D6FC00E93B4A /* NewsViewCell.swift in Sources */,
				0041712F29D1D5C500E93B4A /* SceneDelegate.swift in Sources */,
			);
			runOnlyForDeploymentPostprocessing = 0;
		};
/* End PBXSourcesBuildPhase section */

/* Begin PBXVariantGroup section */
		0041713229D1D5C500E93B4A /* Main.storyboard */ = {
			isa = PBXVariantGroup;
			children = (
				0041713329D1D5C500E93B4A /* Base */,
			);
			name = Main.storyboard;
			sourceTree = "<group>";
		};
		0041713729D1D5C700E93B4A /* LaunchScreen.storyboard */ = {
			isa = PBXVariantGroup;
			children = (
				0041713829D1D5C700E93B4A /* Base */,
			);
			name = LaunchScreen.storyboard;
			sourceTree = "<group>";
		};
/* End PBXVariantGroup section */

/* Begin XCBuildConfiguration section */
		0041713B29D1D5C700E93B4A /* Debug */ = {
			isa = XCBuildConfiguration;
			buildSettings = {
				ALWAYS_SEARCH_USER_PATHS = NO;
				CLANG_ANALYZER_NONNULL = YES;
				CLANG_ANALYZER_NUMBER_OBJECT_CONVERSION = YES_AGGRESSIVE;
				CLANG_CXX_LANGUAGE_STANDARD = "gnu++20";
				CLANG_ENABLE_MODULES = YES;
				CLANG_ENABLE_OBJC_ARC = YES;
				CLANG_ENABLE_OBJC_WEAK = YES;
				CLANG_WARN_BLOCK_CAPTURE_AUTORELEASING = YES;
				CLANG_WARN_BOOL_CONVERSION = YES;
				CLANG_WARN_COMMA = YES;
				CLANG_WARN_CONSTANT_CONVERSION = YES;
				CLANG_WARN_DEPRECATED_OBJC_IMPLEMENTATIONS = YES;
				CLANG_WARN_DIRECT_OBJC_ISA_USAGE = YES_ERROR;
				CLANG_WARN_DOCUMENTATION_COMMENTS = YES;
				CLANG_WARN_EMPTY_BODY = YES;
				CLANG_WARN_ENUM_CONVERSION = YES;
				CLANG_WARN_INFINITE_RECURSION = YES;
				CLANG_WARN_INT_CONVERSION = YES;
				CLANG_WARN_NON_LITERAL_NULL_CONVERSION = YES;
				CLANG_WARN_OBJC_IMPLICIT_RETAIN_SELF = YES;
				CLANG_WARN_OBJC_LITERAL_CONVERSION = YES;
				CLANG_WARN_OBJC_ROOT_CLASS = YES_ERROR;
				CLANG_WARN_QUOTED_INCLUDE_IN_FRAMEWORK_HEADER = YES;
				CLANG_WARN_RANGE_LOOP_ANALYSIS = YES;
				CLANG_WARN_STRICT_PROTOTYPES = YES;
				CLANG_WARN_SUSPICIOUS_MOVE = YES;
				CLANG_WARN_UNGUARDED_AVAILABILITY = YES_AGGRESSIVE;
				CLANG_WARN_UNREACHABLE_CODE = YES;
				CLANG_WARN__DUPLICATE_METHOD_MATCH = YES;
				COPY_PHASE_STRIP = NO;
				DEBUG_INFORMATION_FORMAT = dwarf;
				ENABLE_STRICT_OBJC_MSGSEND = YES;
				ENABLE_TESTABILITY = YES;
				GCC_C_LANGUAGE_STANDARD = gnu11;
				GCC_DYNAMIC_NO_PIC = NO;
				GCC_NO_COMMON_BLOCKS = YES;
				GCC_OPTIMIZATION_LEVEL = 0;
				GCC_PREPROCESSOR_DEFINITIONS = (
					"DEBUG=1",
					"$(inherited)",
				);
				GCC_WARN_64_TO_32_BIT_CONVERSION = YES;
				GCC_WARN_ABOUT_RETURN_TYPE = YES_ERROR;
				GCC_WARN_UNDECLARED_SELECTOR = YES;
				GCC_WARN_UNINITIALIZED_AUTOS = YES_AGGRESSIVE;
				GCC_WARN_UNUSED_FUNCTION = YES;
				GCC_WARN_UNUSED_VARIABLE = YES;
				IPHONEOS_DEPLOYMENT_TARGET = 16.2;
				MTL_ENABLE_DEBUG_INFO = INCLUDE_SOURCE;
				MTL_FAST_MATH = YES;
				ONLY_ACTIVE_ARCH = YES;
				SDKROOT = iphoneos;
				SWIFT_ACTIVE_COMPILATION_CONDITIONS = DEBUG;
				SWIFT_OPTIMIZATION_LEVEL = "-Onone";
			};
			name = Debug;
		};
		0041713C29D1D5C700E93B4A /* Release */ = {
			isa = XCBuildConfiguration;
			buildSettings = {
				ALWAYS_SEARCH_USER_PATHS = NO;
				CLANG_ANALYZER_NONNULL = YES;
				CLANG_ANALYZER_NUMBER_OBJECT_CONVERSION = YES_AGGRESSIVE;
				CLANG_CXX_LANGUAGE_STANDARD = "gnu++20";
				CLANG_ENABLE_MODULES = YES;
				CLANG_ENABLE_OBJC_ARC = YES;
				CLANG_ENABLE_OBJC_WEAK = YES;
				CLANG_WARN_BLOCK_CAPTURE_AUTORELEASING = YES;
				CLANG_WARN_BOOL_CONVERSION = YES;
				CLANG_WARN_COMMA = YES;
				CLANG_WARN_CONSTANT_CONVERSION = YES;
				CLANG_WARN_DEPRECATED_OBJC_IMPLEMENTATIONS = YES;
				CLANG_WARN_DIRECT_OBJC_ISA_USAGE = YES_ERROR;
				CLANG_WARN_DOCUMENTATION_COMMENTS = YES;
				CLANG_WARN_EMPTY_BODY = YES;
				CLANG_WARN_ENUM_CONVERSION = YES;
				CLANG_WARN_INFINITE_RECURSION = YES;
				CLANG_WARN_INT_CONVERSION = YES;
				CLANG_WARN_NON_LITERAL_NULL_CONVERSION = YES;
				CLANG_WARN_OBJC_IMPLICIT_RETAIN_SELF = YES;
				CLANG_WARN_OBJC_LITERAL_CONVERSION = YES;
				CLANG_WARN_OBJC_ROOT_CLASS = YES_ERROR;
				CLANG_WARN_QUOTED_INCLUDE_IN_FRAMEWORK_HEADER = YES;
				CLANG_WARN_RANGE_LOOP_ANALYSIS = YES;
				CLANG_WARN_STRICT_PROTOTYPES = YES;
				CLANG_WARN_SUSPICIOUS_MOVE = YES;
				CLANG_WARN_UNGUARDED_AVAILABILITY = YES_AGGRESSIVE;
				CLANG_WARN_UNREACHABLE_CODE = YES;
				CLANG_WARN__DUPLICATE_METHOD_MATCH = YES;
				COPY_PHASE_STRIP = NO;
				DEBUG_INFORMATION_FORMAT = "dwarf-with-dsym";
				ENABLE_NS_ASSERTIONS = NO;
				ENABLE_STRICT_OBJC_MSGSEND = YES;
				GCC_C_LANGUAGE_STANDARD = gnu11;
				GCC_NO_COMMON_BLOCKS = YES;
				GCC_WARN_64_TO_32_BIT_CONVERSION = YES;
				GCC_WARN_ABOUT_RETURN_TYPE = YES_ERROR;
				GCC_WARN_UNDECLARED_SELECTOR = YES;
				GCC_WARN_UNINITIALIZED_AUTOS = YES_AGGRESSIVE;
				GCC_WARN_UNUSED_FUNCTION = YES;
				GCC_WARN_UNUSED_VARIABLE = YES;
				IPHONEOS_DEPLOYMENT_TARGET = 16.2;
				MTL_ENABLE_DEBUG_INFO = NO;
				MTL_FAST_MATH = YES;
				SDKROOT = iphoneos;
				SWIFT_COMPILATION_MODE = wholemodule;
				SWIFT_OPTIMIZATION_LEVEL = "-O";
				VALIDATE_PRODUCT = YES;
			};
			name = Release;
		};
		0041713E29D1D5C700E93B4A /* Debug */ = {
			isa = XCBuildConfiguration;
			baseConfigurationReference = C2BB4F734E5166E93606FAA7 /* Pods-NewsAppM4.debug.xcconfig */;
			buildSettings = {
				ASSETCATALOG_COMPILER_APPICON_NAME = AppIcon;
				ASSETCATALOG_COMPILER_GLOBAL_ACCENT_COLOR_NAME = AccentColor;
				CODE_SIGN_STYLE = Automatic;
				CURRENT_PROJECT_VERSION = 1;
				DEVELOPMENT_TEAM = AC5SLL43PB;
				GENERATE_INFOPLIST_FILE = YES;
				INFOPLIST_FILE = NewsAppM4/Info.plist;
				INFOPLIST_KEY_UIApplicationSupportsIndirectInputEvents = YES;
				INFOPLIST_KEY_UILaunchStoryboardName = LaunchScreen;
				INFOPLIST_KEY_UIMainStoryboardFile = Main;
				INFOPLIST_KEY_UISupportedInterfaceOrientations_iPad = "UIInterfaceOrientationPortrait UIInterfaceOrientationPortraitUpsideDown UIInterfaceOrientationLandscapeLeft UIInterfaceOrientationLandscapeRight";
				INFOPLIST_KEY_UISupportedInterfaceOrientations_iPhone = "UIInterfaceOrientationPortrait UIInterfaceOrientationLandscapeLeft UIInterfaceOrientationLandscapeRight";
				LD_RUNPATH_SEARCH_PATHS = (
					"$(inherited)",
					"@executable_path/Frameworks",
				);
				MARKETING_VERSION = 1.0;
				PRODUCT_BUNDLE_IDENTIFIER = add.NewsAppM4;
				PRODUCT_NAME = "$(TARGET_NAME)";
				SWIFT_EMIT_LOC_STRINGS = YES;
				SWIFT_VERSION = 5.0;
				TARGETED_DEVICE_FAMILY = "1,2";
			};
			name = Debug;
		};
		0041713F29D1D5C700E93B4A /* Release */ = {
			isa = XCBuildConfiguration;
			baseConfigurationReference = 8CEFAD5724D6C17CA29255AC /* Pods-NewsAppM4.release.xcconfig */;
			buildSettings = {
				ASSETCATALOG_COMPILER_APPICON_NAME = AppIcon;
				ASSETCATALOG_COMPILER_GLOBAL_ACCENT_COLOR_NAME = AccentColor;
				CODE_SIGN_STYLE = Automatic;
				CURRENT_PROJECT_VERSION = 1;
				DEVELOPMENT_TEAM = AC5SLL43PB;
				GENERATE_INFOPLIST_FILE = YES;
				INFOPLIST_FILE = NewsAppM4/Info.plist;
				INFOPLIST_KEY_UIApplicationSupportsIndirectInputEvents = YES;
				INFOPLIST_KEY_UILaunchStoryboardName = LaunchScreen;
				INFOPLIST_KEY_UIMainStoryboardFile = Main;
				INFOPLIST_KEY_UISupportedInterfaceOrientations_iPad = "UIInterfaceOrientationPortrait UIInterfaceOrientationPortraitUpsideDown UIInterfaceOrientationLandscapeLeft UIInterfaceOrientationLandscapeRight";
				INFOPLIST_KEY_UISupportedInterfaceOrientations_iPhone = "UIInterfaceOrientationPortrait UIInterfaceOrientationLandscapeLeft UIInterfaceOrientationLandscapeRight";
				LD_RUNPATH_SEARCH_PATHS = (
					"$(inherited)",
					"@executable_path/Frameworks",
				);
				MARKETING_VERSION = 1.0;
				PRODUCT_BUNDLE_IDENTIFIER = add.NewsAppM4;
				PRODUCT_NAME = "$(TARGET_NAME)";
				SWIFT_EMIT_LOC_STRINGS = YES;
				SWIFT_VERSION = 5.0;
				TARGETED_DEVICE_FAMILY = "1,2";
			};
			name = Release;
		};
/* End XCBuildConfiguration section */

/* Begin XCConfigurationList section */
		0041712429D1D5C500E93B4A /* Build configuration list for PBXProject "NewsAppM4" */ = {
			isa = XCConfigurationList;
			buildConfigurations = (
				0041713B29D1D5C700E93B4A /* Debug */,
				0041713C29D1D5C700E93B4A /* Release */,
			);
			defaultConfigurationIsVisible = 0;
			defaultConfigurationName = Release;
		};
		0041713D29D1D5C700E93B4A /* Build configuration list for PBXNativeTarget "NewsAppM4" */ = {
			isa = XCConfigurationList;
			buildConfigurations = (
				0041713E29D1D5C700E93B4A /* Debug */,
				0041713F29D1D5C700E93B4A /* Release */,
			);
			defaultConfigurationIsVisible = 0;
			defaultConfigurationName = Release;
		};
/* End XCConfigurationList section */
	};
	rootObject = 0041712129D1D5C500E93B4A /* Project object */;
}
